{
  "name": "yphymns",
  "lockfileVersion": 3,
  "requires": true,
  "packages": {
    "": {
      "dependencies": {
        "nodemailer": "^8.0.3"
      }
    },
    "node_modules/nodemailer": {
      "version": "8.0.3",
      "resolved": "https://registry.npmjs.org/nodemailer/-/nodemailer-8.0.3.tgz",
      "integrity": "sha512-JQNBqvK+bj3NMhUFR3wmCl3SYcOeMotDiwDBvIoCuQdF0PvlIY0BH+FJ2CG7u4cXKPChplE78oowlH/Otsc4ZQ==",
      "license": "MIT-0",
      "engines": {
        "node": ">=6.0.0"
      }
    }
  }
}
